{
  "nodes": {
    "nixlib": {
      "locked": {
        "lastModified": 1693701915,
        "narHash": "sha256-waHPLdDYUOHSEtMKKabcKIMhlUOHPOOPQ9UyFeEoovs=",
        "owner": "nix-community",
        "repo": "nixpkgs.lib",
        "rev": "f5af57d3ef9947a70ac86e42695231ac1ad00c25",
        "type": "github"
      },
      "original": {
        "owner": "nix-community",
        "repo": "nixpkgs.lib",
        "type": "github"
      }
    },
    "nixos-generators": {
      "inputs": {
        "nixlib": "nixlib",
        "nixpkgs": [
          "nixpkgs"
        ]
      },
      "locked": {
        "lastModified": 1706085261,
        "narHash": "sha256-7PgpHRHyShINcqgevPP1fJ6N8kM5ZSOJnk3QZBrOCQ0=",
        "owner": "nix-community",
        "repo": "nixos-generators",
        "rev": "896f6589db5b25023b812bbb6c1f5d3a499b1132",
        "type": "github"
      },
      "original": {
        "owner": "nix-community",
        "repo": "nixos-generators",
        "type": "github"
      }
    },
    "nixpkgs": {
      "locked": {
        "lastModified": 1707009122,
        "narHash": "sha256-2gltmeSWklZqv47YPAF3HI3oEsEWLWSJFakGF/Z3944=",
        "owner": "NixOS",
        "repo": "nixpkgs",
        "rev": "2b411253532ed6859c2873eb34ebee6cd5b58ee5",
        "type": "github"
      },
      "original": {
        "id": "nixpkgs",
        "ref": "nixos-23.11-small",
        "type": "indirect"
      }
    },
    "root": {
      "inputs": {
        "nixos-generators": "nixos-generators",
        "nixpkgs": "nixpkgs",
        "unstable": "unstable"
      }
    },
    "unstable": {
      "locked": {
        "lastModified": 1707028810,
        "narHash": "sha256-/WuTsaljhG9VpXRYnxbxkoxhXy6lotbey99CiBuP2GY=",
        "owner": "NixOS",
        "repo": "nixpkgs",
        "rev": "5d75993fa5feaa333f3eadd83e0a08fc34432acc",
        "type": "github"
      },
      "original": {
        "id": "nixpkgs",
        "ref": "nixos-unstable-small",
        "type": "indirect"
      }
    }
  },
  "root": "root",
  "version": 7
}
